// !$*UTF8*$!
{
	archiveVersion = 1;
	classes = {
	};
	objectVersion = 50;
	objects = {

/* Begin PBXBuildFile section */
		6C89CB13263AA33F00488ED3 /* TheUnderWonderApp.swift in Sources */ = {isa = PBXBuildFile; fileRef = 6C89CB12263AA33F00488ED3 /* TheUnderWonderApp.swift */; };
		6C89CB15263AA33F00488ED3 /* ContentView.swift in Sources */ = {isa = PBXBuildFile; fileRef = 6C89CB14263AA33F00488ED3 /* ContentView.swift */; };
		6C89CB17263AA34000488ED3 /* Assets.xcassets in Resources */ = {isa = PBXBuildFile; fileRef = 6C89CB16263AA34000488ED3 /* Assets.xcassets */; };
		6C89CB1A263AA34000488ED3 /* Preview Assets.xcassets in Resources */ = {isa = PBXBuildFile; fileRef = 6C89CB19263AA34000488ED3 /* Preview Assets.xcassets */; };
		6CABC52A265035ED004F9FA7 /* category.json in Resources */ = {isa = PBXBuildFile; fileRef = 6CABC526265035ED004F9FA7 /* category.json */; };
		6CABC52B265035ED004F9FA7 /* dolls.json in Resources */ = {isa = PBXBuildFile; fileRef = 6CABC527265035ED004F9FA7 /* dolls.json */; };
		6CABC52C265035ED004F9FA7 /* product.json in Resources */ = {isa = PBXBuildFile; fileRef = 6CABC528265035ED004F9FA7 /* product.json */; };
		6CABC52D265035ED004F9FA7 /* brand.json in Resources */ = {isa = PBXBuildFile; fileRef = 6CABC529265035ED004F9FA7 /* brand.json */; };
		6CABC53726504122004F9FA7 /* Constant.swift in Sources */ = {isa = PBXBuildFile; fileRef = 6CABC53626504122004F9FA7 /* Constant.swift */; };
		6CABC53926504258004F9FA7 /* FooterView.swift in Sources */ = {isa = PBXBuildFile; fileRef = 6CABC53826504258004F9FA7 /* FooterView.swift */; };
		6CABC53B2650F568004F9FA7 /* NavigationBarView.swift in Sources */ = {isa = PBXBuildFile; fileRef = 6CABC53A2650F568004F9FA7 /* NavigationBarView.swift */; };
		6CABC53D2650F7F0004F9FA7 /* LogoView.swift in Sources */ = {isa = PBXBuildFile; fileRef = 6CABC53C2650F7F0004F9FA7 /* LogoView.swift */; };
		6CABC53F26510E1B004F9FA7 /* DollModel.swift in Sources */ = {isa = PBXBuildFile; fileRef = 6CABC53E26510E1B004F9FA7 /* DollModel.swift */; };
		6CABC541265113AA004F9FA7 /* CodableBundleExtension.swift in Sources */ = {isa = PBXBuildFile; fileRef = 6CABC540265113AA004F9FA7 /* CodableBundleExtension.swift */; };
		6CABC543265117D6004F9FA7 /* FeaturedItemView.swift in Sources */ = {isa = PBXBuildFile; fileRef = 6CABC542265117D6004F9FA7 /* FeaturedItemView.swift */; };
		6CABC54526511910004F9FA7 /* FeaturedTabView.swift in Sources */ = {isa = PBXBuildFile; fileRef = 6CABC54426511910004F9FA7 /* FeaturedTabView.swift */; };
		6CABC54726518702004F9FA7 /* CategoryModel.swift in Sources */ = {isa = PBXBuildFile; fileRef = 6CABC54626518702004F9FA7 /* CategoryModel.swift */; };
		6CABC54926518877004F9FA7 /* CategoryItemView.swift in Sources */ = {isa = PBXBuildFile; fileRef = 6CABC54826518877004F9FA7 /* CategoryItemView.swift */; };
		6CABC54B26518B02004F9FA7 /* CategoryGridView.swift in Sources */ = {isa = PBXBuildFile; fileRef = 6CABC54A26518B02004F9FA7 /* CategoryGridView.swift */; };
		6CABC54D26518DFB004F9FA7 /* SectionView.swift in Sources */ = {isa = PBXBuildFile; fileRef = 6CABC54C26518DFB004F9FA7 /* SectionView.swift */; };
		6CABC54F26523E31004F9FA7 /* TitleView.swift in Sources */ = {isa = PBXBuildFile; fileRef = 6CABC54E26523E31004F9FA7 /* TitleView.swift */; };
		6CABC55126523F9C004F9FA7 /* ProductModel.swift in Sources */ = {isa = PBXBuildFile; fileRef = 6CABC55026523F9C004F9FA7 /* ProductModel.swift */; };
		6CABC55326524072004F9FA7 /* ProductItemView.swift in Sources */ = {isa = PBXBuildFile; fileRef = 6CABC55226524072004F9FA7 /* ProductItemView.swift */; };
		6CABC555265245D1004F9FA7 /* BrandModel.swift in Sources */ = {isa = PBXBuildFile; fileRef = 6CABC554265245D1004F9FA7 /* BrandModel.swift */; };
		6CABC5572652465D004F9FA7 /* BrandItemView.swift in Sources */ = {isa = PBXBuildFile; fileRef = 6CABC5562652465D004F9FA7 /* BrandItemView.swift */; };
		6CABC55926524759004F9FA7 /* BrandGridView.swift in Sources */ = {isa = PBXBuildFile; fileRef = 6CABC55826524759004F9FA7 /* BrandGridView.swift */; };
		6CABC55B26524A69004F9FA7 /* ProductDetailedView.swift in Sources */ = {isa = PBXBuildFile; fileRef = 6CABC55A26524A69004F9FA7 /* ProductDetailedView.swift */; };
		6CABC55D26527E74004F9FA7 /* NavigationBarDetailView.swift in Sources */ = {isa = PBXBuildFile; fileRef = 6CABC55C26527E74004F9FA7 /* NavigationBarDetailView.swift */; };
		6CABC55F26528035004F9FA7 /* HeaderDetailView.swift in Sources */ = {isa = PBXBuildFile; fileRef = 6CABC55E26528035004F9FA7 /* HeaderDetailView.swift */; };
		6CABC56126528154004F9FA7 /* TopPartDetailView.swift in Sources */ = {isa = PBXBuildFile; fileRef = 6CABC56026528154004F9FA7 /* TopPartDetailView.swift */; };
		6CABC563265295F3004F9FA7 /* CustomShape.swift in Sources */ = {isa = PBXBuildFile; fileRef = 6CABC562265295F3004F9FA7 /* CustomShape.swift */; };
		6CABC56526529812004F9FA7 /* RatingSizesDetailedView.swift in Sources */ = {isa = PBXBuildFile; fileRef = 6CABC56426529812004F9FA7 /* RatingSizesDetailedView.swift */; };
		6CABC56726529D11004F9FA7 /* QuantityFavouriteDetailView.swift in Sources */ = {isa = PBXBuildFile; fileRef = 6CABC56626529D11004F9FA7 /* QuantityFavouriteDetailView.swift */; };
		6CABC56926529F86004F9FA7 /* AddToCartDetailedView.swift in Sources */ = {isa = PBXBuildFile; fileRef = 6CABC56826529F86004F9FA7 /* AddToCartDetailedView.swift */; };
		6CABC56B2652A410004F9FA7 /* Shop.swift in Sources */ = {isa = PBXBuildFile; fileRef = 6CABC56A2652A410004F9FA7 /* Shop.swift */; };
/* End PBXBuildFile section */

/* Begin PBXFileReference section */
		6C89CB0F263AA33F00488ED3 /* TheUnderWonder.app */ = {isa = PBXFileReference; explicitFileType = wrapper.application; includeInIndex = 0; path = TheUnderWonder.app; sourceTree = BUILT_PRODUCTS_DIR; };
		6C89CB12263AA33F00488ED3 /* TheUnderWonderApp.swift */ = {isa = PBXFileReference; lastKnownFileType = sourcecode.swift; path = TheUnderWonderApp.swift; sourceTree = "<group>"; };
		6C89CB14263AA33F00488ED3 /* ContentView.swift */ = {isa = PBXFileReference; lastKnownFileType = sourcecode.swift; path = ContentView.swift; sourceTree = "<group>"; };
		6C89CB16263AA34000488ED3 /* Assets.xcassets */ = {isa = PBXFileReference; lastKnownFileType = folder.assetcatalog; path = Assets.xcassets; sourceTree = "<group>"; };
		6C89CB19263AA34000488ED3 /* Preview Assets.xcassets */ = {isa = PBXFileReference; lastKnownFileType = folder.assetcatalog; path = "Preview Assets.xcassets"; sourceTree = "<group>"; };
		6C89CB1B263AA34000488ED3 /* Info.plist */ = {isa = PBXFileReference; lastKnownFileType = text.plist.xml; path = Info.plist; sourceTree = "<group>"; };
		6CABC526265035ED004F9FA7 /* category.json */ = {isa = PBXFileReference; fileEncoding = 4; lastKnownFileType = text.json; path = category.json; sourceTree = "<group>"; };
		6CABC527265035ED004F9FA7 /* dolls.json */ = {isa = PBXFileReference; fileEncoding = 4; lastKnownFileType = text.json; path = dolls.json; sourceTree = "<group>"; };
		6CABC528265035ED004F9FA7 /* product.json */ = {isa = PBXFileReference; fileEncoding = 4; lastKnownFileType = text.json; path = product.json; sourceTree = "<group>"; };
		6CABC529265035ED004F9FA7 /* brand.json */ = {isa = PBXFileReference; fileEncoding = 4; lastKnownFileType = text.json; path = brand.json; sourceTree = "<group>"; };
		6CABC53626504122004F9FA7 /* Constant.swift */ = {isa = PBXFileReference; lastKnownFileType = sourcecode.swift; path = Constant.swift; sourceTree = "<group>"; };
		6CABC53826504258004F9FA7 /* FooterView.swift */ = {isa = PBXFileReference; lastKnownFileType = sourcecode.swift; path = FooterView.swift; sourceTree = "<group>"; };
		6CABC53A2650F568004F9FA7 /* NavigationBarView.swift */ = {isa = PBXFileReference; lastKnownFileType = sourcecode.swift; path = NavigationBarView.swift; sourceTree = "<group>"; };
		6CABC53C2650F7F0004F9FA7 /* LogoView.swift */ = {isa = PBXFileReference; lastKnownFileType = sourcecode.swift; path = LogoView.swift; sourceTree = "<group>"; };
		6CABC53E26510E1B004F9FA7 /* DollModel.swift */ = {isa = PBXFileReference; lastKnownFileType = sourcecode.swift; path = DollModel.swift; sourceTree = "<group>"; };
		6CABC540265113AA004F9FA7 /* CodableBundleExtension.swift */ = {isa = PBXFileReference; lastKnownFileType = sourcecode.swift; path = CodableBundleExtension.swift; sourceTree = "<group>"; };
		6CABC542265117D6004F9FA7 /* FeaturedItemView.swift */ = {isa = PBXFileReference; lastKnownFileType = sourcecode.swift; path = FeaturedItemView.swift; sourceTree = "<group>"; };
		6CABC54426511910004F9FA7 /* FeaturedTabView.swift */ = {isa = PBXFileReference; lastKnownFileType = sourcecode.swift; path = FeaturedTabView.swift; sourceTree = "<group>"; };
		6CABC54626518702004F9FA7 /* CategoryModel.swift */ = {isa = PBXFileReference; lastKnownFileType = sourcecode.swift; path = CategoryModel.swift; sourceTree = "<group>"; };
		6CABC54826518877004F9FA7 /* CategoryItemView.swift */ = {isa = PBXFileReference; lastKnownFileType = sourcecode.swift; path = CategoryItemView.swift; sourceTree = "<group>"; };
		6CABC54A26518B02004F9FA7 /* CategoryGridView.swift */ = {isa = PBXFileReference; lastKnownFileType = sourcecode.swift; path = CategoryGridView.swift; sourceTree = "<group>"; };
		6CABC54C26518DFB004F9FA7 /* SectionView.swift */ = {isa = PBXFileReference; lastKnownFileType = sourcecode.swift; path = SectionView.swift; sourceTree = "<group>"; };
		6CABC54E26523E31004F9FA7 /* TitleView.swift */ = {isa = PBXFileReference; lastKnownFileType = sourcecode.swift; path = TitleView.swift; sourceTree = "<group>"; };
		6CABC55026523F9C004F9FA7 /* ProductModel.swift */ = {isa = PBXFileReference; lastKnownFileType = sourcecode.swift; path = ProductModel.swift; sourceTree = "<group>"; };
		6CABC55226524072004F9FA7 /* ProductItemView.swift */ = {isa = PBXFileReference; lastKnownFileType = sourcecode.swift; path = ProductItemView.swift; sourceTree = "<group>"; };
		6CABC554265245D1004F9FA7 /* BrandModel.swift */ = {isa = PBXFileReference; lastKnownFileType = sourcecode.swift; path = BrandModel.swift; sourceTree = "<group>"; };
		6CABC5562652465D004F9FA7 /* BrandItemView.swift */ = {isa = PBXFileReference; lastKnownFileType = sourcecode.swift; path = BrandItemView.swift; sourceTree = "<group>"; };
		6CABC55826524759004F9FA7 /* BrandGridView.swift */ = {isa = PBXFileReference; lastKnownFileType = sourcecode.swift; path = BrandGridView.swift; sourceTree = "<group>"; };
		6CABC55A26524A69004F9FA7 /* ProductDetailedView.swift */ = {isa = PBXFileReference; lastKnownFileType = sourcecode.swift; path = ProductDetailedView.swift; sourceTree = "<group>"; };
		6CABC55C26527E74004F9FA7 /* NavigationBarDetailView.swift */ = {isa = PBXFileReference; lastKnownFileType = sourcecode.swift; path = NavigationBarDetailView.swift; sourceTree = "<group>"; };
		6CABC55E26528035004F9FA7 /* HeaderDetailView.swift */ = {isa = PBXFileReference; lastKnownFileType = sourcecode.swift; path = HeaderDetailView.swift; sourceTree = "<group>"; };
		6CABC56026528154004F9FA7 /* TopPartDetailView.swift */ = {isa = PBXFileReference; lastKnownFileType = sourcecode.swift; path = TopPartDetailView.swift; sourceTree = "<group>"; };
		6CABC562265295F3004F9FA7 /* CustomShape.swift */ = {isa = PBXFileReference; lastKnownFileType = sourcecode.swift; path = CustomShape.swift; sourceTree = "<group>"; };
		6CABC56426529812004F9FA7 /* RatingSizesDetailedView.swift */ = {isa = PBXFileReference; lastKnownFileType = sourcecode.swift; path = RatingSizesDetailedView.swift; sourceTree = "<group>"; };
		6CABC56626529D11004F9FA7 /* QuantityFavouriteDetailView.swift */ = {isa = PBXFileReference; lastKnownFileType = sourcecode.swift; path = QuantityFavouriteDetailView.swift; sourceTree = "<group>"; };
		6CABC56826529F86004F9FA7 /* AddToCartDetailedView.swift */ = {isa = PBXFileReference; lastKnownFileType = sourcecode.swift; path = AddToCartDetailedView.swift; sourceTree = "<group>"; };
		6CABC56A2652A410004F9FA7 /* Shop.swift */ = {isa = PBXFileReference; lastKnownFileType = sourcecode.swift; path = Shop.swift; sourceTree = "<group>"; };
/* End PBXFileReference section */

/* Begin PBXFrameworksBuildPhase section */
		6C89CB0C263AA33F00488ED3 /* Frameworks */ = {
			isa = PBXFrameworksBuildPhase;
			buildActionMask = 2147483647;
			files = (
			);
			runOnlyForDeploymentPostprocessing = 0;
		};
/* End PBXFrameworksBuildPhase section */

/* Begin PBXGroup section */
		6C89CB06263AA33F00488ED3 = {
			isa = PBXGroup;
			children = (
				6C89CB11263AA33F00488ED3 /* TheUnderWonder */,
				6C89CB10263AA33F00488ED3 /* Products */,
			);
			sourceTree = "<group>";
		};
		6C89CB10263AA33F00488ED3 /* Products */ = {
			isa = PBXGroup;
			children = (
				6C89CB0F263AA33F00488ED3 /* TheUnderWonder.app */,
			);
			name = Products;
			sourceTree = "<group>";
		};
		6C89CB11263AA33F00488ED3 /* TheUnderWonder */ = {
			isa = PBXGroup;
			children = (
				6CABC52F26504074004F9FA7 /* App */,
				6CABC5302650407C004F9FA7 /* View */,
				6CABC52E2650360A004F9FA7 /* Data */,
				6CABC533265040B5004F9FA7 /* Model */,
				6CABC534265040BF004F9FA7 /* Extension */,
				6CABC535265040D5004F9FA7 /* Utility */,
				6C89CB16263AA34000488ED3 /* Assets.xcassets */,
				6C89CB1B263AA34000488ED3 /* Info.plist */,
				6C89CB18263AA34000488ED3 /* Preview Content */,
			);
			path = TheUnderWonder;
			sourceTree = "<group>";
		};
		6C89CB18263AA34000488ED3 /* Preview Content */ = {
			isa = PBXGroup;
			children = (
				6C89CB19263AA34000488ED3 /* Preview Assets.xcassets */,
			);
			path = "Preview Content";
			sourceTree = "<group>";
		};
		6CABC52E2650360A004F9FA7 /* Data */ = {
			isa = PBXGroup;
			children = (
				6CABC529265035ED004F9FA7 /* brand.json */,
				6CABC526265035ED004F9FA7 /* category.json */,
				6CABC527265035ED004F9FA7 /* dolls.json */,
				6CABC528265035ED004F9FA7 /* product.json */,
			);
			path = Data;
			sourceTree = "<group>";
		};
		6CABC52F26504074004F9FA7 /* App */ = {
			isa = PBXGroup;
			children = (
				6C89CB12263AA33F00488ED3 /* TheUnderWonderApp.swift */,
				6C89CB14263AA33F00488ED3 /* ContentView.swift */,
				6CABC55A26524A69004F9FA7 /* ProductDetailedView.swift */,
			);
			path = App;
			sourceTree = "<group>";
		};
		6CABC5302650407C004F9FA7 /* View */ = {
			isa = PBXGroup;
			children = (
				6CABC53126504088004F9FA7 /* Home */,
				6CABC5322650409B004F9FA7 /* Detail */,
			);
			name = View;
			sourceTree = "<group>";
		};
		6CABC53126504088004F9FA7 /* Home */ = {
			isa = PBXGroup;
			children = (
				6CABC53826504258004F9FA7 /* FooterView.swift */,
				6CABC53A2650F568004F9FA7 /* NavigationBarView.swift */,
				6CABC53C2650F7F0004F9FA7 /* LogoView.swift */,
				6CABC542265117D6004F9FA7 /* FeaturedItemView.swift */,
				6CABC54426511910004F9FA7 /* FeaturedTabView.swift */,
				6CABC54826518877004F9FA7 /* CategoryItemView.swift */,
				6CABC54A26518B02004F9FA7 /* CategoryGridView.swift */,
				6CABC54C26518DFB004F9FA7 /* SectionView.swift */,
				6CABC54E26523E31004F9FA7 /* TitleView.swift */,
				6CABC55226524072004F9FA7 /* ProductItemView.swift */,
				6CABC5562652465D004F9FA7 /* BrandItemView.swift */,
				6CABC55826524759004F9FA7 /* BrandGridView.swift */,
			);
			path = Home;
			sourceTree = "<group>";
		};
		6CABC5322650409B004F9FA7 /* Detail */ = {
			isa = PBXGroup;
			children = (
				6CABC55C26527E74004F9FA7 /* NavigationBarDetailView.swift */,
				6CABC55E26528035004F9FA7 /* HeaderDetailView.swift */,
				6CABC56026528154004F9FA7 /* TopPartDetailView.swift */,
				6CABC56426529812004F9FA7 /* RatingSizesDetailedView.swift */,
				6CABC56626529D11004F9FA7 /* QuantityFavouriteDetailView.swift */,
				6CABC56826529F86004F9FA7 /* AddToCartDetailedView.swift */,
			);
			name = Detail;
			sourceTree = "<group>";
		};
		6CABC533265040B5004F9FA7 /* Model */ = {
			isa = PBXGroup;
			children = (
				6CABC53E26510E1B004F9FA7 /* DollModel.swift */,
				6CABC54626518702004F9FA7 /* CategoryModel.swift */,
				6CABC55026523F9C004F9FA7 /* ProductModel.swift */,
				6CABC554265245D1004F9FA7 /* BrandModel.swift */,
			);
			name = Model;
			sourceTree = "<group>";
		};
		6CABC534265040BF004F9FA7 /* Extension */ = {
			isa = PBXGroup;
			children = (
				6CABC540265113AA004F9FA7 /* CodableBundleExtension.swift */,
			);
			path = Extension;
			sourceTree = "<group>";
		};
		6CABC535265040D5004F9FA7 /* Utility */ = {
			isa = PBXGroup;
			children = (
				6CABC53626504122004F9FA7 /* Constant.swift */,
				6CABC562265295F3004F9FA7 /* CustomShape.swift */,
				6CABC56A2652A410004F9FA7 /* Shop.swift */,
			);
			path = Utility;
			sourceTree = "<group>";
		};
/* End PBXGroup section */

/* Begin PBXNativeTarget section */
		6C89CB0E263AA33F00488ED3 /* TheUnderWonder */ = {
			isa = PBXNativeTarget;
			buildConfigurationList = 6C89CB1E263AA34000488ED3 /* Build configuration list for PBXNativeTarget "TheUnderWonder" */;
			buildPhases = (
				6C89CB0B263AA33F00488ED3 /* Sources */,
				6C89CB0C263AA33F00488ED3 /* Frameworks */,
				6C89CB0D263AA33F00488ED3 /* Resources */,
			);
			buildRules = (
			);
			dependencies = (
			);
			name = TheUnderWonder;
			productName = TheUnderWonder;
			productReference = 6C89CB0F263AA33F00488ED3 /* TheUnderWonder.app */;
			productType = "com.apple.product-type.application";
		};
/* End PBXNativeTarget section */

/* Begin PBXProject section */
		6C89CB07263AA33F00488ED3 /* Project object */ = {
			isa = PBXProject;
			attributes = {
				LastSwiftUpdateCheck = 1250;
				LastUpgradeCheck = 1250;
				TargetAttributes = {
					6C89CB0E263AA33F00488ED3 = {
						CreatedOnToolsVersion = 12.5;
					};
				};
			};
			buildConfigurationList = 6C89CB0A263AA33F00488ED3 /* Build configuration list for PBXProject "TheUnderWonder" */;
			compatibilityVersion = "Xcode 9.3";
			developmentRegion = en;
			hasScannedForEncodings = 0;
			knownRegions = (
				en,
				Base,
			);
			mainGroup = 6C89CB06263AA33F00488ED3;
			productRefGroup = 6C89CB10263AA33F00488ED3 /* Products */;
			projectDirPath = "";
			projectRoot = "";
			targets = (
				6C89CB0E263AA33F00488ED3 /* TheUnderWonder */,
			);
		};
/* End PBXProject section */

/* Begin PBXResourcesBuildPhase section */
		6C89CB0D263AA33F00488ED3 /* Resources */ = {
			isa = PBXResourcesBuildPhase;
			buildActionMask = 2147483647;
			files = (
				6CABC52B265035ED004F9FA7 /* dolls.json in Resources */,
				6CABC52A265035ED004F9FA7 /* category.json in Resources */,
				6C89CB1A263AA34000488ED3 /* Preview Assets.xcassets in Resources */,
				6C89CB17263AA34000488ED3 /* Assets.xcassets in Resources */,
				6CABC52C265035ED004F9FA7 /* product.json in Resources */,
				6CABC52D265035ED004F9FA7 /* brand.json in Resources */,
			);
			runOnlyForDeploymentPostprocessing = 0;
		};
/* End PBXResourcesBuildPhase section */

/* Begin PBXSourcesBuildPhase section */
		6C89CB0B263AA33F00488ED3 /* Sources */ = {
			isa = PBXSourcesBuildPhase;
			buildActionMask = 2147483647;
			files = (
				6CABC541265113AA004F9FA7 /* CodableBundleExtension.swift in Sources */,
				6CABC55F26528035004F9FA7 /* HeaderDetailView.swift in Sources */,
				6CABC56126528154004F9FA7 /* TopPartDetailView.swift in Sources */,
				6CABC56926529F86004F9FA7 /* AddToCartDetailedView.swift in Sources */,
				6C89CB15263AA33F00488ED3 /* ContentView.swift in Sources */,
				6CABC53D2650F7F0004F9FA7 /* LogoView.swift in Sources */,
				6CABC53926504258004F9FA7 /* FooterView.swift in Sources */,
				6CABC543265117D6004F9FA7 /* FeaturedItemView.swift in Sources */,
				6CABC55326524072004F9FA7 /* ProductItemView.swift in Sources */,
				6CABC55926524759004F9FA7 /* BrandGridView.swift in Sources */,
				6C89CB13263AA33F00488ED3 /* TheUnderWonderApp.swift in Sources */,
				6CABC53726504122004F9FA7 /* Constant.swift in Sources */,
				6CABC55D26527E74004F9FA7 /* NavigationBarDetailView.swift in Sources */,
				6CABC54B26518B02004F9FA7 /* CategoryGridView.swift in Sources */,
				6CABC54726518702004F9FA7 /* CategoryModel.swift in Sources */,
				6CABC53B2650F568004F9FA7 /* NavigationBarView.swift in Sources */,
				6CABC54D26518DFB004F9FA7 /* SectionView.swift in Sources */,
				6CABC56526529812004F9FA7 /* RatingSizesDetailedView.swift in Sources */,
				6CABC5572652465D004F9FA7 /* BrandItemView.swift in Sources */,
				6CABC54926518877004F9FA7 /* CategoryItemView.swift in Sources */,
				6CABC54526511910004F9FA7 /* FeaturedTabView.swift in Sources */,
				6CABC55B26524A69004F9FA7 /* ProductDetailedView.swift in Sources */,
				6CABC563265295F3004F9FA7 /* CustomShape.swift in Sources */,
				6CABC53F26510E1B004F9FA7 /* DollModel.swift in Sources */,
				6CABC56B2652A410004F9FA7 /* Shop.swift in Sources */,
				6CABC555265245D1004F9FA7 /* BrandModel.swift in Sources */,
				6CABC54F26523E31004F9FA7 /* TitleView.swift in Sources */,
				6CABC56726529D11004F9FA7 /* QuantityFavouriteDetailView.swift in Sources */,
				6CABC55126523F9C004F9FA7 /* ProductModel.swift in Sources */,
			);
			runOnlyForDeploymentPostprocessing = 0;
		};
/* End PBXSourcesBuildPhase section */

/* Begin XCBuildConfiguration section */
		6C89CB1C263AA34000488ED3 /* Debug */ = {
			isa = XCBuildConfiguration;
			buildSettings = {
				ALWAYS_SEARCH_USER_PATHS = NO;
				CLANG_ANALYZER_NONNULL = YES;
				CLANG_ANALYZER_NUMBER_OBJECT_CONVERSION = YES_AGGRESSIVE;
				CLANG_CXX_LANGUAGE_STANDARD = "gnu++14";
				CLANG_CXX_LIBRARY = "libc++";
				CLANG_ENABLE_MODULES = YES;
				CLANG_ENABLE_OBJC_ARC = YES;
				CLANG_ENABLE_OBJC_WEAK = YES;
				CLANG_WARN_BLOCK_CAPTURE_AUTORELEASING = YES;
				CLANG_WARN_BOOL_CONVERSION = YES;
				CLANG_WARN_COMMA = YES;
				CLANG_WARN_CONSTANT_CONVERSION = YES;
				CLANG_WARN_DEPRECATED_OBJC_IMPLEMENTATIONS = YES;
				CLANG_WARN_DIRECT_OBJC_ISA_USAGE = YES_ERROR;
				CLANG_WARN_DOCUMENTATION_COMMENTS = YES;
				CLANG_WARN_EMPTY_BODY = YES;
				CLANG_WARN_ENUM_CONVERSION = YES;
				CLANG_WARN_INFINITE_RECURSION = YES;
				CLANG_WARN_INT_CONVERSION = YES;
				CLANG_WARN_NON_LITERAL_NULL_CONVERSION = YES;
				CLANG_WARN_OBJC_IMPLICIT_RETAIN_SELF = YES;
				CLANG_WARN_OBJC_LITERAL_CONVERSION = YES;
				CLANG_WARN_OBJC_ROOT_CLASS = YES_ERROR;
				CLANG_WARN_QUOTED_INCLUDE_IN_FRAMEWORK_HEADER = YES;
				CLANG_WARN_RANGE_LOOP_ANALYSIS = YES;
				CLANG_WARN_STRICT_PROTOTYPES = YES;
				CLANG_WARN_SUSPICIOUS_MOVE = YES;
				CLANG_WARN_UNGUARDED_AVAILABILITY = YES_AGGRESSIVE;
				CLANG_WARN_UNREACHABLE_CODE = YES;
				CLANG_WARN__DUPLICATE_METHOD_MATCH = YES;
				COPY_PHASE_STRIP = NO;
				DEBUG_INFORMATION_FORMAT = dwarf;
				ENABLE_STRICT_OBJC_MSGSEND = YES;
				ENABLE_TESTABILITY = YES;
				GCC_C_LANGUAGE_STANDARD = gnu11;
				GCC_DYNAMIC_NO_PIC = NO;
				GCC_NO_COMMON_BLOCKS = YES;
				GCC_OPTIMIZATION_LEVEL = 0;
				GCC_PREPROCESSOR_DEFINITIONS = (
					"DEBUG=1",
					"$(inherited)",
				);
				GCC_WARN_64_TO_32_BIT_CONVERSION = YES;
				GCC_WARN_ABOUT_RETURN_TYPE = YES_ERROR;
				GCC_WARN_UNDECLARED_SELECTOR = YES;
				GCC_WARN_UNINITIALIZED_AUTOS = YES_AGGRESSIVE;
				GCC_WARN_UNUSED_FUNCTION = YES;
				GCC_WARN_UNUSED_VARIABLE = YES;
				IPHONEOS_DEPLOYMENT_TARGET = 14.5;
				MTL_ENABLE_DEBUG_INFO = INCLUDE_SOURCE;
				MTL_FAST_MATH = YES;
				ONLY_ACTIVE_ARCH = YES;
				SDKROOT = iphoneos;
				SWIFT_ACTIVE_COMPILATION_CONDITIONS = DEBUG;
				SWIFT_OPTIMIZATION_LEVEL = "-Onone";
			};
			name = Debug;
		};
		6C89CB1D263AA34000488ED3 /* Release */ = {
			isa = XCBuildConfiguration;
			buildSettings = {
				ALWAYS_SEARCH_USER_PATHS = NO;
				CLANG_ANALYZER_NONNULL = YES;
				CLANG_ANALYZER_NUMBER_OBJECT_CONVERSION = YES_AGGRESSIVE;
				CLANG_CXX_LANGUAGE_STANDARD = "gnu++14";
				CLANG_CXX_LIBRARY = "libc++";
				CLANG_ENABLE_MODULES = YES;
				CLANG_ENABLE_OBJC_ARC = YES;
				CLANG_ENABLE_OBJC_WEAK = YES;
				CLANG_WARN_BLOCK_CAPTURE_AUTORELEASING = YES;
				CLANG_WARN_BOOL_CONVERSION = YES;
				CLANG_WARN_COMMA = YES;
				CLANG_WARN_CONSTANT_CONVERSION = YES;
				CLANG_WARN_DEPRECATED_OBJC_IMPLEMENTATIONS = YES;
				CLANG_WARN_DIRECT_OBJC_ISA_USAGE = YES_ERROR;
				CLANG_WARN_DOCUMENTATION_COMMENTS = YES;
				CLANG_WARN_EMPTY_BODY = YES;
				CLANG_WARN_ENUM_CONVERSION = YES;
				CLANG_WARN_INFINITE_RECURSION = YES;
				CLANG_WARN_INT_CONVERSION = YES;
				CLANG_WARN_NON_LITERAL_NULL_CONVERSION = YES;
				CLANG_WARN_OBJC_IMPLICIT_RETAIN_SELF = YES;
				CLANG_WARN_OBJC_LITERAL_CONVERSION = YES;
				CLANG_WARN_OBJC_ROOT_CLASS = YES_ERROR;
				CLANG_WARN_QUOTED_INCLUDE_IN_FRAMEWORK_HEADER = YES;
				CLANG_WARN_RANGE_LOOP_ANALYSIS = YES;
				CLANG_WARN_STRICT_PROTOTYPES = YES;
				CLANG_WARN_SUSPICIOUS_MOVE = YES;
				CLANG_WARN_UNGUARDED_AVAILABILITY = YES_AGGRESSIVE;
				CLANG_WARN_UNREACHABLE_CODE = YES;
				CLANG_WARN__DUPLICATE_METHOD_MATCH = YES;
				COPY_PHASE_STRIP = NO;
				DEBUG_INFORMATION_FORMAT = "dwarf-with-dsym";
				ENABLE_NS_ASSERTIONS = NO;
				ENABLE_STRICT_OBJC_MSGSEND = YES;
				GCC_C_LANGUAGE_STANDARD = gnu11;
				GCC_NO_COMMON_BLOCKS = YES;
				GCC_WARN_64_TO_32_BIT_CONVERSION = YES;
				GCC_WARN_ABOUT_RETURN_TYPE = YES_ERROR;
				GCC_WARN_UNDECLARED_SELECTOR = YES;
				GCC_WARN_UNINITIALIZED_AUTOS = YES_AGGRESSIVE;
				GCC_WARN_UNUSED_FUNCTION = YES;
				GCC_WARN_UNUSED_VARIABLE = YES;
				IPHONEOS_DEPLOYMENT_TARGET = 14.5;
				MTL_ENABLE_DEBUG_INFO = NO;
				MTL_FAST_MATH = YES;
				SDKROOT = iphoneos;
				SWIFT_COMPILATION_MODE = wholemodule;
				SWIFT_OPTIMIZATION_LEVEL = "-O";
				VALIDATE_PRODUCT = YES;
			};
			name = Release;
		};
		6C89CB1F263AA34000488ED3 /* Debug */ = {
			isa = XCBuildConfiguration;
			buildSettings = {
				ASSETCATALOG_COMPILER_APPICON_NAME = AppIcon;
				ASSETCATALOG_COMPILER_GLOBAL_ACCENT_COLOR_NAME = AccentColor;
				CODE_SIGN_STYLE = Automatic;
				DEVELOPMENT_ASSET_PATHS = "\"TheUnderWonder/Preview Content\"";
				DEVELOPMENT_TEAM = BYS83TMS8Q;
				ENABLE_PREVIEWS = YES;
				INFOPLIST_FILE = TheUnderWonder/Info.plist;
				IPHONEOS_DEPLOYMENT_TARGET = 14.0;
				LD_RUNPATH_SEARCH_PATHS = (
					"$(inherited)",
					"@executable_path/Frameworks",
				);
				PRODUCT_BUNDLE_IDENTIFIER = IhnatievDima.TheUnderWonder;
				PRODUCT_NAME = "$(TARGET_NAME)";
				SWIFT_VERSION = 5.0;
				TARGETED_DEVICE_FAMILY = "1,2";
			};
			name = Debug;
		};
		6C89CB20263AA34000488ED3 /* Release */ = {
			isa = XCBuildConfiguration;
			buildSettings = {
				ASSETCATALOG_COMPILER_APPICON_NAME = AppIcon;
				ASSETCATALOG_COMPILER_GLOBAL_ACCENT_COLOR_NAME = AccentColor;
				CODE_SIGN_STYLE = Automatic;
				DEVELOPMENT_ASSET_PATHS = "\"TheUnderWonder/Preview Content\"";
				DEVELOPMENT_TEAM = BYS83TMS8Q;
				ENABLE_PREVIEWS = YES;
				INFOPLIST_FILE = TheUnderWonder/Info.plist;
				IPHONEOS_DEPLOYMENT_TARGET = 14.0;
				LD_RUNPATH_SEARCH_PATHS = (
					"$(inherited)",
					"@executable_path/Frameworks",
				);
				PRODUCT_BUNDLE_IDENTIFIER = IhnatievDima.TheUnderWonder;
				PRODUCT_NAME = "$(TARGET_NAME)";
				SWIFT_VERSION = 5.0;
				TARGETED_DEVICE_FAMILY = "1,2";
			};
			name = Release;
		};
/* End XCBuildConfiguration section */

/* Begin XCConfigurationList section */
		6C89CB0A263AA33F00488ED3 /* Build configuration list for PBXProject "TheUnderWonder" */ = {
			isa = XCConfigurationList;
			buildConfigurations = (
				6C89CB1C263AA34000488ED3 /* Debug */,
				6C89CB1D263AA34000488ED3 /* Release */,
			);
			defaultConfigurationIsVisible = 0;
			defaultConfigurationName = Release;
		};
		6C89CB1E263AA34000488ED3 /* Build configuration list for PBXNativeTarget "TheUnderWonder" */ = {
			isa = XCConfigurationList;
			buildConfigurations = (
				6C89CB1F263AA34000488ED3 /* Debug */,
				6C89CB20263AA34000488ED3 /* Release */,
			);
			defaultConfigurationIsVisible = 0;
			defaultConfigurationName = Release;
		};
/* End XCConfigurationList section */
	};
	rootObject = 6C89CB07263AA33F00488ED3 /* Project object */;
}
